// !$*UTF8*$!
{
	archiveVersion = 1;
	classes = {
	};
	objectVersion = 48;
	objects = {

/* Begin PBXBuildFile section */
		87847B6D20049B62005DDB46 /* main.swift in Sources */ = {isa = PBXBuildFile; fileRef = 87847B6C20049B62005DDB46 /* main.swift */; };
		87847B7420049CA3005DDB46 /* browser.swift in Sources */ = {isa = PBXBuildFile; fileRef = 87847B7320049CA3005DDB46 /* browser.swift */; };
		87847B7620049CBB005DDB46 /* advertiser.swift in Sources */ = {isa = PBXBuildFile; fileRef = 87847B7520049CBB005DDB46 /* advertiser.swift */; };
		87847B7820049CDD005DDB46 /* session.swift in Sources */ = {isa = PBXBuildFile; fileRef = 87847B7720049CDD005DDB46 /* session.swift */; };
		87F8AFF62004BFF4008E8A84 /* adjust.swift in Sources */ = {isa = PBXBuildFile; fileRef = 87F8AFF52004BFF4008E8A84 /* adjust.swift */; };
		87F8AFF82005CB84008E8A84 /* trust.swift in Sources */ = {isa = PBXBuildFile; fileRef = 87F8AFF72005CB84008E8A84 /* trust.swift */; };
/* End PBXBuildFile section */

/* Begin PBXCopyFilesBuildPhase section */
		87847B6720049B62005DDB46 /* CopyFiles */ = {
			isa = PBXCopyFilesBuildPhase;
			buildActionMask = 2147483647;
			dstPath = /usr/share/man/man1/;
			dstSubfolderSpec = 0;
			files = (
			);
			runOnlyForDeploymentPostprocessing = 1;
		};
/* End PBXCopyFilesBuildPhase section */

/* Begin PBXFileReference section */
		87847B6920049B62005DDB46 /* ANTP */ = {isa = PBXFileReference; explicitFileType = "compiled.mach-o.executable"; includeInIndex = 0; path = ANTP; sourceTree = BUILT_PRODUCTS_DIR; };
		87847B6C20049B62005DDB46 /* main.swift */ = {isa = PBXFileReference; lastKnownFileType = sourcecode.swift; path = main.swift; sourceTree = "<group>"; };
		87847B7320049CA3005DDB46 /* browser.swift */ = {isa = PBXFileReference; lastKnownFileType = sourcecode.swift; path = browser.swift; sourceTree = "<group>"; };
		87847B7520049CBB005DDB46 /* advertiser.swift */ = {isa = PBXFileReference; lastKnownFileType = sourcecode.swift; path = advertiser.swift; sourceTree = "<group>"; };
		87847B7720049CDD005DDB46 /* session.swift */ = {isa = PBXFileReference; lastKnownFileType = sourcecode.swift; path = session.swift; sourceTree = "<group>"; };
		87F8AFF52004BFF4008E8A84 /* adjust.swift */ = {isa = PBXFileReference; lastKnownFileType = sourcecode.swift; path = adjust.swift; sourceTree = "<group>"; };
		87F8AFF72005CB84008E8A84 /* trust.swift */ = {isa = PBXFileReference; lastKnownFileType = sourcecode.swift; path = trust.swift; sourceTree = "<group>"; };
/* End PBXFileReference section */

/* Begin PBXFrameworksBuildPhase section */
		87847B6620049B62005DDB46 /* Frameworks */ = {
			isa = PBXFrameworksBuildPhase;
			buildActionMask = 2147483647;
			files = (
			);
			runOnlyForDeploymentPostprocessing = 0;
		};
/* End PBXFrameworksBuildPhase section */

/* Begin PBXGroup section */
		87847B6020049B62005DDB46 = {
			isa = PBXGroup;
			children = (
				87847B6B20049B62005DDB46 /* ANTP */,
				87847B6A20049B62005DDB46 /* Products */,
			);
			sourceTree = "<group>";
		};
		87847B6A20049B62005DDB46 /* Products */ = {
			isa = PBXGroup;
			children = (
				87847B6920049B62005DDB46 /* ANTP */,
			);
			name = Products;
			sourceTree = "<group>";
		};
		87847B6B20049B62005DDB46 /* ANTP */ = {
			isa = PBXGroup;
			children = (
				87F8AFF72005CB84008E8A84 /* trust.swift */,
				87F8AFF52004BFF4008E8A84 /* adjust.swift */,
				87847B7720049CDD005DDB46 /* session.swift */,
				87847B7520049CBB005DDB46 /* advertiser.swift */,
				87847B7320049CA3005DDB46 /* browser.swift */,
				87847B6C20049B62005DDB46 /* main.swift */,
			);
			path = ANTP;
			sourceTree = "<group>";
		};
/* End PBXGroup section */

/* Begin PBXNativeTarget section */
		87847B6820049B62005DDB46 /* ANTP */ = {
			isa = PBXNativeTarget;
			buildConfigurationList = 87847B7020049B62005DDB46 /* Build configuration list for PBXNativeTarget "ANTP" */;
			buildPhases = (
				87847B6520049B62005DDB46 /* Sources */,
				87847B6620049B62005DDB46 /* Frameworks */,
				87847B6720049B62005DDB46 /* CopyFiles */,
			);
			buildRules = (
			);
			dependencies = (
			);
			name = ANTP;
			productName = ANTP;
			productReference = 87847B6920049B62005DDB46 /* ANTP */;
			productType = "com.apple.product-type.tool";
		};
/* End PBXNativeTarget section */

/* Begin PBXProject section */
		87847B6120049B62005DDB46 /* Project object */ = {
			isa = PBXProject;
			attributes = {
				LastSwiftUpdateCheck = 0920;
				LastUpgradeCheck = 0920;
				ORGANIZATIONNAME = organi2e;
				TargetAttributes = {
					87847B6820049B62005DDB46 = {
						CreatedOnToolsVersion = 9.2;
						ProvisioningStyle = Automatic;
					};
				};
			};
			buildConfigurationList = 87847B6420049B62005DDB46 /* Build configuration list for PBXProject "ANTP" */;
			compatibilityVersion = "Xcode 8.0";
			developmentRegion = en;
			hasScannedForEncodings = 0;
			knownRegions = (
				en,
			);
			mainGroup = 87847B6020049B62005DDB46;
			productRefGroup = 87847B6A20049B62005DDB46 /* Products */;
			projectDirPath = "";
			projectRoot = "";
			targets = (
				87847B6820049B62005DDB46 /* ANTP */,
			);
		};
/* End PBXProject section */

/* Begin PBXSourcesBuildPhase section */
		87847B6520049B62005DDB46 /* Sources */ = {
			isa = PBXSourcesBuildPhase;
			buildActionMask = 2147483647;
			files = (
				87847B7820049CDD005DDB46 /* session.swift in Sources */,
				87847B7620049CBB005DDB46 /* advertiser.swift in Sources */,
				87F8AFF82005CB84008E8A84 /* trust.swift in Sources */,
				87F8AFF62004BFF4008E8A84 /* adjust.swift in Sources */,
				87847B7420049CA3005DDB46 /* browser.swift in Sources */,
				87847B6D20049B62005DDB46 /* main.swift in Sources */,
			);
			runOnlyForDeploymentPostprocessing = 0;
		};
/* End PBXSourcesBuildPhase section */

/* Begin XCBuildConfiguration section */
		87847B6E20049B62005DDB46 /* Debug */ = {
			isa = XCBuildConfiguration;
			buildSettings = {
				SWIFT_VERSION = 4.0;
			};
			name = Debug;
		};
		87847B6F20049B62005DDB46 /* Release */ = {
			isa = XCBuildConfiguration;
			buildSettings = {
				SWIFT_VERSION = 4.0;
			};
			name = Release;
		};
		87847B7120049B62005DDB46 /* Debug */ = {
			isa = XCBuildConfiguration;
			buildSettings = {
				PRODUCT_NAME = "$(TARGET_NAME)";
			};
			name = Debug;
		};
		87847B7220049B62005DDB46 /* Release */ = {
			isa = XCBuildConfiguration;
			buildSettings = {
				PRODUCT_NAME = "$(TARGET_NAME)";
			};
			name = Release;
		};
/* End XCBuildConfiguration section */

/* Begin XCConfigurationList section */
		87847B6420049B62005DDB46 /* Build configuration list for PBXProject "ANTP" */ = {
			isa = XCConfigurationList;
			buildConfigurations = (
				87847B6E20049B62005DDB46 /* Debug */,
				87847B6F20049B62005DDB46 /* Release */,
			);
			defaultConfigurationIsVisible = 0;
			defaultConfigurationName = Release;
		};
		87847B7020049B62005DDB46 /* Build configuration list for PBXNativeTarget "ANTP" */ = {
			isa = XCConfigurationList;
			buildConfigurations = (
				87847B7120049B62005DDB46 /* Debug */,
				87847B7220049B62005DDB46 /* Release */,
			);
			defaultConfigurationIsVisible = 0;
			defaultConfigurationName = Release;
		};
/* End XCConfigurationList section */
	};
	rootObject = 87847B6120049B62005DDB46 /* Project object */;
}
